
Microsoft Visual Studio Solution File, Format Version 12.00
# Visual Studio Version 16
VisualStudioVersion = 16.0.29025.244
MinimumVisualStudioVersion = 10.0.40219.1
Project("{FAE04EC0-301F-11D3-BF4B-00C04F79EFBC}") = "Lib", "Lib\Lib.csproj", "{75E59369-7762-41EF-A250-5ED3476297C3}"
EndProject
Project("{FAE04EC0-301F-11D3-BF4B-00C04F79EFBC}") = "ConsoleApp", "ConsoleApp\ConsoleApp.csproj", "{673E2407-C5AE-4D99-872E-BBF37F7D7584}"
EndProject
Global
	GlobalSection(SolutionConfigurationPlatforms) = preSolution
		Debug|Any CPU = Debug|Any CPU
		Release|Any CPU = Release|Any CPU
	EndGlobalSection
	GlobalSection(ProjectConfigurationPlatforms) = postSolution
		{75E59369-7762-41EF-A250-5ED3476297C3}.Debug|Any CPU.ActiveCfg = Debug|Any CPU
		{75E59369-7762-41EF-A250-5ED3476297C3}.Debug|Any CPU.Build.0 = Debug|Any CPU
		{75E59369-7762-41EF-A250-5ED3476297C3}.Release|Any CPU.ActiveCfg = Release|Any CPU
		{75E59369-7762-41EF-A250-5ED3476297C3}.Release|Any CPU.Build.0 = Release|Any CPU
		{673E2407-C5AE-4D99-872E-BBF37F7D7584}.Debug|Any CPU.ActiveCfg = Debug|Any CPU
		{673E2407-C5AE-4D99-872E-BBF37F7D7584}.Debug|Any CPU.Build.0 = Debug|Any CPU
		{673E2407-C5AE-4D99-872E-BBF37F7D7584}.Release|Any CPU.ActiveCfg = Release|Any CPU
		{673E2407-C5AE-4D99-872E-BBF37F7D7584}.Release|Any CPU.Build.0 = Release|Any CPU
	EndGlobalSection
	GlobalSection(SolutionProperties) = preSolution
		HideSolutionNode = FALSE
	EndGlobalSection
	GlobalSection(ExtensibilityGlobals) = postSolution
		SolutionGuid = {A1C6EDB2-F000-4884-AA5A-63401BC0BEC2}
	EndGlobalSection
EndGlobal
